
Microsoft Visual Studio Solution File, Format Version 12.00
# Visual Studio Version 17
VisualStudioVersion = 17.10.34607.79
MinimumVisualStudioVersion = 10.0.40219.1
Project("{9A19103F-16F7-4668-BE54-9A1E7A4F7556}") = "TicTacToe", "TicTacToe\TicTacToe.csproj", "{842ED6F6-5EB7-4CF6-A094-0E7CC9BED25E}"
EndProject
Project("{FAE04EC0-301F-11D3-BF4B-00C04F79EFBC}") = "TicTacToeTests", "TicTacToeTests\TicTacToeTests.csproj", "{A35FE2CA-24D3-48B1-9166-4B18DF6ED9A3}"
EndProject
Global
	GlobalSection(SolutionConfigurationPlatforms) = preSolution
		Debug|Any CPU = Debug|Any CPU
		Release|Any CPU = Release|Any CPU
	EndGlobalSection
	GlobalSection(ProjectConfigurationPlatforms) = postSolution
		{842ED6F6-5EB7-4CF6-A094-0E7CC9BED25E}.Debug|Any CPU.ActiveCfg = Debug|Any CPU
		{842ED6F6-5EB7-4CF6-A094-0E7CC9BED25E}.Debug|Any CPU.Build.0 = Debug|Any CPU
		{842ED6F6-5EB7-4CF6-A094-0E7CC9BED25E}.Release|Any CPU.ActiveCfg = Release|Any CPU
		{842ED6F6-5EB7-4CF6-A094-0E7CC9BED25E}.Release|Any CPU.Build.0 = Release|Any CPU
		{A35FE2CA-24D3-48B1-9166-4B18DF6ED9A3}.Debug|Any CPU.ActiveCfg = Debug|Any CPU
		{A35FE2CA-24D3-48B1-9166-4B18DF6ED9A3}.Debug|Any CPU.Build.0 = Debug|Any CPU
		{A35FE2CA-24D3-48B1-9166-4B18DF6ED9A3}.Release|Any CPU.ActiveCfg = Release|Any CPU
		{A35FE2CA-24D3-48B1-9166-4B18DF6ED9A3}.Release|Any CPU.Build.0 = Release|Any CPU
	EndGlobalSection
	GlobalSection(SolutionProperties) = preSolution
		HideSolutionNode = FALSE
	EndGlobalSection
	GlobalSection(ExtensibilityGlobals) = postSolution
		SolutionGuid = {38D7FB7D-4D64-4CE9-8410-D0B15922FE13}
	EndGlobalSection
EndGlobal
